
Microsoft Visual Studio Solution File, Format Version 12.00
# Visual Studio Version 17
VisualStudioVersion = 17.13.35919.96 d17.13
MinimumVisualStudioVersion = 10.0.40219.1
Project("{8BC9CEB8-8B4A-11D0-8D11-00A0C91BC942}") = "20250415", "20250415\20250415.vcxproj", "{75891F24-F4F0-4B36-9603-CACB3EFF33E4}"
EndProject
Global
	GlobalSection(SolutionConfigurationPlatforms) = preSolution
		Debug|x64 = Debug|x64
		Debug|x86 = Debug|x86
		Release|x64 = Release|x64
		Release|x86 = Release|x86
	EndGlobalSection
	GlobalSection(ProjectConfigurationPlatforms) = postSolution
		{75891F24-F4F0-4B36-9603-CACB3EFF33E4}.Debug|x64.ActiveCfg = Debug|x64
		{75891F24-F4F0-4B36-9603-CACB3EFF33E4}.Debug|x64.Build.0 = Debug|x64
		{75891F24-F4F0-4B36-9603-CACB3EFF33E4}.Debug|x86.ActiveCfg = Debug|Win32
		{75891F24-F4F0-4B36-9603-CACB3EFF33E4}.Debug|x86.Build.0 = Debug|Win32
		{75891F24-F4F0-4B36-9603-CACB3EFF33E4}.Release|x64.ActiveCfg = Release|x64
		{75891F24-F4F0-4B36-9603-CACB3EFF33E4}.Release|x64.Build.0 = Release|x64
		{75891F24-F4F0-4B36-9603-CACB3EFF33E4}.Release|x86.ActiveCfg = Release|Win32
		{75891F24-F4F0-4B36-9603-CACB3EFF33E4}.Release|x86.Build.0 = Release|Win32
	EndGlobalSection
	GlobalSection(SolutionProperties) = preSolution
		HideSolutionNode = FALSE
	EndGlobalSection
	GlobalSection(ExtensibilityGlobals) = postSolution
		SolutionGuid = {CD12BA54-EB5C-4819-B1C7-032F4DF9213A}
	EndGlobalSection
EndGlobal
